
Microsoft Visual Studio Solution File, Format Version 12.00
# Visual Studio Version 17
VisualStudioVersion = 17.14.36623.8 d17.14
MinimumVisualStudioVersion = 10.0.40219.1
Project("{FAE04EC0-301F-11D3-BF4B-00C04F79EFBC}") = "SampleMVCApp", "SampleMVCApp\SampleMVCApp.csproj", "{9E50C0DD-ADFD-421E-8634-2CC73EED422D}"
EndProject
Global
	GlobalSection(SolutionConfigurationPlatforms) = preSolution
		Debug|Any CPU = Debug|Any CPU
		Release|Any CPU = Release|Any CPU
	EndGlobalSection
	GlobalSection(ProjectConfigurationPlatforms) = postSolution
		{9E50C0DD-ADFD-421E-8634-2CC73EED422D}.Debug|Any CPU.ActiveCfg = Debug|Any CPU
		{9E50C0DD-ADFD-421E-8634-2CC73EED422D}.Debug|Any CPU.Build.0 = Debug|Any CPU
		{9E50C0DD-ADFD-421E-8634-2CC73EED422D}.Release|Any CPU.ActiveCfg = Release|Any CPU
		{9E50C0DD-ADFD-421E-8634-2CC73EED422D}.Release|Any CPU.Build.0 = Release|Any CPU
	EndGlobalSection
	GlobalSection(SolutionProperties) = preSolution
		HideSolutionNode = FALSE
	EndGlobalSection
	GlobalSection(ExtensibilityGlobals) = postSolution
		SolutionGuid = {ACA2E3F6-52F9-4D58-90E0-F73D311A17A6}
	EndGlobalSection
EndGlobal
